
Microsoft Visual Studio Solution File, Format Version 12.00
# Visual Studio Version 17
VisualStudioVersion = 17.10.35122.118
MinimumVisualStudioVersion = 10.0.40219.1
Project("{FAE04EC0-301F-11D3-BF4B-00C04F79EFBC}") = "Org.OpenAPITools", "src\Org.OpenAPITools\Org.OpenAPITools.csproj", "{5D19ACAB-8830-47FD-BAFA-C0985DF9F5F3}"
EndProject
Global
    GlobalSection(SolutionConfigurationPlatforms) = preSolution
        Debug|Any CPU = Debug|Any CPU
        Release|Any CPU = Release|Any CPU
    EndGlobalSection
    GlobalSection(ProjectConfigurationPlatforms) = postSolution
        {5D19ACAB-8830-47FD-BAFA-C0985DF9F5F3}.Debug|Any CPU.ActiveCfg = Debug|Any CPU
        {5D19ACAB-8830-47FD-BAFA-C0985DF9F5F3}.Debug|Any CPU.Build.0 = Debug|Any CPU
        {5D19ACAB-8830-47FD-BAFA-C0985DF9F5F3}.Release|Any CPU.ActiveCfg = Release|Any CPU
        {5D19ACAB-8830-47FD-BAFA-C0985DF9F5F3}.Release|Any CPU.Build.0 = Release|Any CPU
    EndGlobalSection
    GlobalSection(SolutionProperties) = preSolution
        HideSolutionNode = FALSE
    EndGlobalSection
    GlobalSection(ExtensibilityGlobals) = postSolution
        SolutionGuid = {BC56C2A3-ACC5-4ED0-AD8F-CD1831B8A467}
    EndGlobalSection
EndGlobal
