PODS:
  - Alamofire (4.9.1)
  - PetstoreClient (1.0.0):
    - Alamofire (~> 4.9.1)

DEPENDENCIES:
  - PetstoreClient (from `../`)

SPEC REPOS:
  trunk:
    - Alamofire

EXTERNAL SOURCES:
  PetstoreClient:
    :path: "../"

SPEC CHECKSUMS:
  Alamofire: 85e8a02c69d6020a0d734f6054870d7ecb75cf18
  PetstoreClient: bc687d8c4d0c762098d72690e220cae37e281311

PODFILE CHECKSUM: 509bec696cc1d8641751b52e4fe4bef04ac4542c

COCOAPODS: 1.8.4
