
Microsoft Visual Studio Solution File, Format Version 12.00
# Visual Studio Version 17
VisualStudioVersion = 17.10.35122.118
MinimumVisualStudioVersion = 10.0.40219.1
Project("{6C7B85CA-74D4-4887-A095-3C7D4456B435}") = "Org.OpenAPITools", "Org.OpenAPITools\Org.OpenAPITools.csproj", "{5C6AC159-936C-4A48-8B28-E821E5AD977C}"
EndProject
Global
    GlobalSection(SolutionConfigurationPlatforms) = preSolution
        Debug|Any CPU = Debug|Any CPU
        Release|Any CPU = Release|Any CPU
    EndGlobalSection
    GlobalSection(ProjectConfigurationPlatforms) = postSolution
        {5C6AC159-936C-4A48-8B28-E821E5AD977C}.Debug|Any CPU.ActiveCfg = Debug|Any CPU
        {5C6AC159-936C-4A48-8B28-E821E5AD977C}.Debug|Any CPU.Build.0 = Debug|Any CPU
        {5C6AC159-936C-4A48-8B28-E821E5AD977C}.Release|Any CPU.ActiveCfg = Release|Any CPU
        {5C6AC159-936C-4A48-8B28-E821E5AD977C}.Release|Any CPU.Build.0 = Release|Any CPU
    EndGlobalSection
    GlobalSection(SolutionProperties) = preSolution
        HideSolutionNode = FALSE
    EndGlobalSection
    GlobalSection(ExtensibilityGlobals) = postSolution
        SolutionGuid = {E43B99C5-8954-44A3-99D7-EFB0FEB8BD3D}
    EndGlobalSection
EndGlobal
