
Microsoft Visual Studio Solution File, Format Version 12.00
# Visual Studio Version 17
VisualStudioVersion = 17.10.35122.118
MinimumVisualStudioVersion = 10.0.40219.1
Project("{A5774C9E-F53A-4C76-868E-01F11E6F8EC3}") = "Org.OpenAPITools", "Org.OpenAPITools\Org.OpenAPITools.csproj", "{A26D2414-794A-469C-ABFC-3CA133F24DE4}"
EndProject
Global
    GlobalSection(SolutionConfigurationPlatforms) = preSolution
        Debug|Any CPU = Debug|Any CPU
        Release|Any CPU = Release|Any CPU
    EndGlobalSection
    GlobalSection(ProjectConfigurationPlatforms) = postSolution
        {A26D2414-794A-469C-ABFC-3CA133F24DE4}.Debug|Any CPU.ActiveCfg = Debug|Any CPU
        {A26D2414-794A-469C-ABFC-3CA133F24DE4}.Debug|Any CPU.Build.0 = Debug|Any CPU
        {A26D2414-794A-469C-ABFC-3CA133F24DE4}.Release|Any CPU.ActiveCfg = Release|Any CPU
        {A26D2414-794A-469C-ABFC-3CA133F24DE4}.Release|Any CPU.Build.0 = Release|Any CPU
    EndGlobalSection
    GlobalSection(SolutionProperties) = preSolution
        HideSolutionNode = FALSE
    EndGlobalSection
    GlobalSection(ExtensibilityGlobals) = postSolution
        SolutionGuid = {03D40956-AFB1-4B16-8CFE-098F25E8D2F0}
    EndGlobalSection
EndGlobal
