
Microsoft Visual Studio Solution File, Format Version 12.00
# Visual Studio Version 17
VisualStudioVersion = 17.10.35122.118
MinimumVisualStudioVersion = 10.0.40219.1
Project("{F0A8E8AF-E927-46D2-8D4C-2402A9559FBE}") = "Org.OpenAPITools", "Org.OpenAPITools\Org.OpenAPITools.csproj", "{11A46A2A-1367-4B2E-8FBA-121D75FB3192}"
EndProject
Global
    GlobalSection(SolutionConfigurationPlatforms) = preSolution
        Debug|Any CPU = Debug|Any CPU
        Release|Any CPU = Release|Any CPU
    EndGlobalSection
    GlobalSection(ProjectConfigurationPlatforms) = postSolution
        {11A46A2A-1367-4B2E-8FBA-121D75FB3192}.Debug|Any CPU.ActiveCfg = Debug|Any CPU
        {11A46A2A-1367-4B2E-8FBA-121D75FB3192}.Debug|Any CPU.Build.0 = Debug|Any CPU
        {11A46A2A-1367-4B2E-8FBA-121D75FB3192}.Release|Any CPU.ActiveCfg = Release|Any CPU
        {11A46A2A-1367-4B2E-8FBA-121D75FB3192}.Release|Any CPU.Build.0 = Release|Any CPU
    EndGlobalSection
    GlobalSection(SolutionProperties) = preSolution
        HideSolutionNode = FALSE
    EndGlobalSection
    GlobalSection(ExtensibilityGlobals) = postSolution
        SolutionGuid = {F178132A-4E31-4C05-8EAF-BE0E289BE083}
    EndGlobalSection
EndGlobal
