{
  "originHash" : "99c6cc361c92d76d3f9edcf90668a78a95b742f853a66cbb1804fbcfc63a985c",
  "pins" : [
    {
      "identity" : "alamofire",
      "kind" : "remoteSourceControl",
      "location" : "https://github.com/Alamofire/Alamofire",
      "state" : {
        "revision" : "f455c2975872ccd2d9c81594c658af65716e9b9a",
        "version" : "5.9.1"
      }
    },
    {
      "identity" : "anycodable",
      "kind" : "remoteSourceControl",
      "location" : "https://github.com/Flight-School/AnyCodable",
      "state" : {
        "revision" : "862808b2070cd908cb04f9aafe7de83d35f81b05",
        "version" : "0.6.7"
      }
    },
    {
      "identity" : "promisekit",
      "kind" : "remoteSourceControl",
      "location" : "https://github.com/mxcl/PromiseKit",
      "state" : {
        "revision" : "6fcc08077124e9747f1ec7bd8bb78f5caffe5a79",
        "version" : "8.1.2"
      }
    },
    {
      "identity" : "rxswift",
      "kind" : "remoteSourceControl",
      "location" : "https://github.com/ReactiveX/RxSwift",
      "state" : {
        "revision" : "b06a8c8596e4c3e8e7788e08e720e3248563ce6a",
        "version" : "6.7.1"
      }
    }
  ],
  "version" : 3
}
