{
  "originHash" : "d5919dc82f97fd3c9a6e6c48a59960902c9b17904f5461a66b7bc540833bfea1",
  "pins" : [
    {
      "identity" : "anycodable",
      "kind" : "remoteSourceControl",
      "location" : "https://github.com/Flight-School/AnyCodable",
      "state" : {
        "revision" : "862808b2070cd908cb04f9aafe7de83d35f81b05",
        "version" : "0.6.7"
      }
    }
  ],
  "version" : 3
}
