{
  "name": "ts-petstore-client",
  "version": "1.0.0",
  "lockfileVersion": 1,
  "requires": true,
  "dependencies": {
    "@types/form-data": {
      "version": "2.2.1",
      "resolved": "https://registry.npmjs.org/@types/form-data/-/form-data-2.2.1.tgz",
      "integrity": "sha512-JAMFhOaHIciYVh8fb5/83nmuO/AHwmto+Hq7a9y8FzLDcC1KCU344XDOMEmahnrTFlHjgh4L0WJFczNIX2GxnQ==",
      "requires": {
        "@types/node": "*"
      }
    },
    "@types/isomorphic-fetch": {
      "version": "0.0.34",
      "resolved": "https://registry.npmjs.org/@types/isomorphic-fetch/-/isomorphic-fetch-0.0.34.tgz",
      "integrity": "sha1-PDSD5gbAQTeEOOlRRk8A5OYHBtY="
    },
    "@types/node": {
      "version": "10.12.0",
      "resolved": "https://registry.npmjs.org/@types/node/-/node-10.12.0.tgz",
      "integrity": "sha512-3TUHC3jsBAB7qVRGxT6lWyYo2v96BMmD2PTcl47H25Lu7UXtFH/2qqmKiVrnel6Ne//0TFYf6uvNX+HW2FRkLQ=="
    },
    "asynckit": {
      "version": "0.4.0",
      "resolved": "https://registry.npmjs.org/asynckit/-/asynckit-0.4.0.tgz",
      "integrity": "sha1-x57Zf380y48robyXkLzDZkdLS3k="
    },
    "btoa": {
      "version": "1.2.1",
      "resolved": "https://registry.npmjs.org/btoa/-/btoa-1.2.1.tgz",
      "integrity": "sha512-SB4/MIGlsiVkMcHmT+pSmIPoNDoHg+7cMzmt3Uxt628MTz2487DKSqK/fuhFBrkuqrYv5UCEnACpF4dTFNKc/g=="
    },
    "combined-stream": {
      "version": "1.0.7",
      "resolved": "https://registry.npmjs.org/combined-stream/-/combined-stream-1.0.7.tgz",
      "integrity": "sha512-brWl9y6vOB1xYPZcpZde3N9zDByXTosAeMDo4p1wzo6UMOX4vumB+TP1RZ76sfE6Md68Q0NJSrE/gbezd4Ul+w==",
      "requires": {
        "delayed-stream": "~1.0.0"
      }
    },
    "delayed-stream": {
      "version": "1.0.0",
      "resolved": "https://registry.npmjs.org/delayed-stream/-/delayed-stream-1.0.0.tgz",
      "integrity": "sha1-3zrhmayt+31ECqrgsp4icrJOxhk="
    },
    "encoding": {
      "version": "0.1.12",
      "resolved": "https://registry.npmjs.org/encoding/-/encoding-0.1.12.tgz",
      "integrity": "sha1-U4tm8+5izRq1HsMjgp0flIDHS+s=",
      "requires": {
        "iconv-lite": "~0.4.13"
      }
    },
    "es6-promise": {
      "version": "4.2.5",
      "resolved": "https://registry.npmjs.org/es6-promise/-/es6-promise-4.2.5.tgz",
      "integrity": "sha512-n6wvpdE43VFtJq+lUDYDBFUwV8TZbuGXLV4D6wKafg13ldznKsyEvatubnmUe31zcvelSzOHF+XbaT+Bl9ObDg=="
    },
    "form-data": {
      "version": "2.3.3",
      "resolved": "https://registry.npmjs.org/form-data/-/form-data-2.3.3.tgz",
      "integrity": "sha512-1lLKB2Mu3aGP1Q/2eCOx0fNbRMe7XdwktwOruhfqqd0rIJWwN4Dh+E3hrPSlDCXnSR7UtZ1N38rVXm+6+MEhJQ==",
      "requires": {
        "asynckit": "^0.4.0",
        "combined-stream": "^1.0.6",
        "mime-types": "^2.1.12"
      }
    },
    "iconv-lite": {
      "version": "0.4.24",
      "resolved": "https://registry.npmjs.org/iconv-lite/-/iconv-lite-0.4.24.tgz",
      "integrity": "sha512-v3MXnZAcvnywkTUEZomIActle7RXXeedOR31wwl7VlyoXO4Qi9arvSenNQWne1TcRwhCL1HwLI21bEqdpj8/rA==",
      "requires": {
        "safer-buffer": ">= 2.1.2 < 3"
      }
    },
    "is-stream": {
      "version": "1.1.0",
      "resolved": "https://registry.npmjs.org/is-stream/-/is-stream-1.1.0.tgz",
      "integrity": "sha1-EtSj3U5o4Lec6428hBc66A2RykQ="
    },
    "isomorphic-fetch": {
      "version": "2.2.1",
      "resolved": "https://registry.npmjs.org/isomorphic-fetch/-/isomorphic-fetch-2.2.1.tgz",
      "integrity": "sha1-YRrhrPFPXoH3KVB0coGf6XM1WKk=",
      "requires": {
        "node-fetch": "^1.0.1",
        "whatwg-fetch": ">=0.10.0"
      }
    },
    "mime-db": {
      "version": "1.36.0",
      "resolved": "https://registry.npmjs.org/mime-db/-/mime-db-1.36.0.tgz",
      "integrity": "sha512-L+xvyD9MkoYMXb1jAmzI/lWYAxAMCPvIBSWur0PZ5nOf5euahRLVqH//FKW9mWp2lkqUgYiXPgkzfMUFi4zVDw=="
    },
    "mime-types": {
      "version": "2.1.20",
      "resolved": "https://registry.npmjs.org/mime-types/-/mime-types-2.1.20.tgz",
      "integrity": "sha512-HrkrPaP9vGuWbLK1B1FfgAkbqNjIuy4eHlIYnFi7kamZyLLrGlo2mpcx0bBmNpKqBtYtAfGbodDddIgddSJC2A==",
      "requires": {
        "mime-db": "~1.36.0"
      }
    },
    "node-fetch": {
      "version": "1.7.3",
      "resolved": "https://registry.npmjs.org/node-fetch/-/node-fetch-1.7.3.tgz",
      "integrity": "sha512-NhZ4CsKx7cYm2vSrBAr2PvFOe6sWDf0UYLRqA6svUYg7+/TSfVAu49jYC4BvQ4Sms9SZgdqGBgroqfDhJdTyKQ==",
      "requires": {
        "encoding": "^0.1.11",
        "is-stream": "^1.0.1"
      }
    },
    "querystringify": {
      "version": "2.1.0",
      "resolved": "https://registry.npmjs.org/querystringify/-/querystringify-2.1.0.tgz",
      "integrity": "sha512-sluvZZ1YiTLD5jsqZcDmFyV2EwToyXZBfpoVOmktMmW+VEnhgakFHnasVph65fOjGPTWN0Nw3+XQaSeMayr0kg=="
    },
    "requires-port": {
      "version": "1.0.0",
      "resolved": "https://registry.npmjs.org/requires-port/-/requires-port-1.0.0.tgz",
      "integrity": "sha1-kl0mAdOaxIXgkc8NpcbmlNw9yv8="
    },
    "rxjs": {
      "version": "6.4.0",
      "resolved": "https://registry.npmjs.org/rxjs/-/rxjs-6.4.0.tgz",
      "integrity": "sha512-Z9Yfa11F6B9Sg/BK9MnqnQ+aQYicPLtilXBp2yUtDt2JRCE0h26d33EnfO3ZxoNxG0T92OUucP3Ct7cpfkdFfw==",
      "requires": {
        "tslib": "^1.9.0"
      }
    },
    "safer-buffer": {
      "version": "2.1.2",
      "resolved": "https://registry.npmjs.org/safer-buffer/-/safer-buffer-2.1.2.tgz",
      "integrity": "sha512-YZo3K82SD7Riyi0E1EQPojLz7kpepnSQI9IyPbHHg1XXXevb5dJI7tpyN2ADxGcQbHG7vcyRHk0cbwqcQriUtg=="
    },
    "tslib": {
      "version": "1.9.3",
      "resolved": "https://registry.npmjs.org/tslib/-/tslib-1.9.3.tgz",
      "integrity": "sha512-4krF8scpejhaOgqzBEcGM7yDIEfi0/8+8zDRZhNZZ2kjmHJ4hv3zCbQWxoJGz1iw5U0Jl0nma13xzHXcncMavQ=="
    },
    "typescript": {
      "version": "2.9.2",
      "resolved": "https://registry.npmjs.org/typescript/-/typescript-2.9.2.tgz",
      "integrity": "sha512-Gr4p6nFNaoufRIY4NMdpQRNmgxVIGMs4Fcu/ujdYk3nAZqk7supzBE9idmvfZIlH/Cuj//dvi+019qEue9lV0w==",
      "dev": true
    },
    "url-parse": {
      "version": "1.4.3",
      "resolved": "https://registry.npmjs.org/url-parse/-/url-parse-1.4.3.tgz",
      "integrity": "sha512-rh+KuAW36YKo0vClhQzLLveoj8FwPJNu65xLb7Mrt+eZht0IPT0IXgSv8gcMegZ6NvjJUALf6Mf25POlMwD1Fw==",
      "requires": {
        "querystringify": "^2.0.0",
        "requires-port": "^1.0.0"
      }
    },
    "whatwg-fetch": {
      "version": "3.0.0",
      "resolved": "https://registry.npmjs.org/whatwg-fetch/-/whatwg-fetch-3.0.0.tgz",
      "integrity": "sha512-9GSJUgz1D4MfyKU7KRqwOjXCXTqWdFNvEr7eUBYchQiVc744mqK/MzXPNR2WsPkmkOa4ywfg8C2n8h+13Bey1Q=="
    }
  }
}
