
Microsoft Visual Studio Solution File, Format Version 12.00
# Visual Studio Version 17
VisualStudioVersion = 17.10.35122.118
MinimumVisualStudioVersion = 10.0.40219.1
Project("{F5596B68-273B-4A24-8DDA-2E9C827195D3}") = "Org.OpenAPITools", "Org.OpenAPITools\Org.OpenAPITools.csproj", "{9E67626C-3C1D-421F-8559-F72388650149}"
EndProject
Global
    GlobalSection(SolutionConfigurationPlatforms) = preSolution
        Debug|Any CPU = Debug|Any CPU
        Release|Any CPU = Release|Any CPU
    EndGlobalSection
    GlobalSection(ProjectConfigurationPlatforms) = postSolution
        {9E67626C-3C1D-421F-8559-F72388650149}.Debug|Any CPU.ActiveCfg = Debug|Any CPU
        {9E67626C-3C1D-421F-8559-F72388650149}.Debug|Any CPU.Build.0 = Debug|Any CPU
        {9E67626C-3C1D-421F-8559-F72388650149}.Release|Any CPU.ActiveCfg = Release|Any CPU
        {9E67626C-3C1D-421F-8559-F72388650149}.Release|Any CPU.Build.0 = Release|Any CPU
    EndGlobalSection
    GlobalSection(SolutionProperties) = preSolution
        HideSolutionNode = FALSE
    EndGlobalSection
    GlobalSection(ExtensibilityGlobals) = postSolution
        SolutionGuid = {52440137-B5CD-41B9-A39D-D88844222A85}
    EndGlobalSection
EndGlobal
