// !$*UTF8*$!
{
	archiveVersion = 1;
	classes = {
	};
	objectVersion = 46;
	objects = {

/* Begin PBXBuildFile section */
		B024164FBFF71BF644D4419A /* Pods_SwaggerClient.framework in Frameworks */ = {isa = PBXBuildFile; fileRef = 177A58DD5CF63F2989335DCC /* Pods_SwaggerClient.framework */; };
		B1D0246C8960F47A60098F37 /* Pods_SwaggerClientTests.framework in Frameworks */ = {isa = PBXBuildFile; fileRef = 6F96A0131101344CC5406CB3 /* Pods_SwaggerClientTests.framework */; };
		EAEC0BC21D4E30CE00C908A3 /* AppDelegate.swift in Sources */ = {isa = PBXBuildFile; fileRef = EAEC0BC11D4E30CE00C908A3 /* AppDelegate.swift */; };
		EAEC0BC41D4E30CE00C908A3 /* ViewController.swift in Sources */ = {isa = PBXBuildFile; fileRef = EAEC0BC31D4E30CE00C908A3 /* ViewController.swift */; };
		EAEC0BC71D4E30CE00C908A3 /* Main.storyboard in Resources */ = {isa = PBXBuildFile; fileRef = EAEC0BC51D4E30CE00C908A3 /* Main.storyboard */; };
		EAEC0BC91D4E30CE00C908A3 /* Assets.xcassets in Resources */ = {isa = PBXBuildFile; fileRef = EAEC0BC81D4E30CE00C908A3 /* Assets.xcassets */; };
		EAEC0BCC1D4E30CE00C908A3 /* LaunchScreen.storyboard in Resources */ = {isa = PBXBuildFile; fileRef = EAEC0BCA1D4E30CE00C908A3 /* LaunchScreen.storyboard */; };
		EAEC0BE41D4E330700C908A3 /* PetAPITests.swift in Sources */ = {isa = PBXBuildFile; fileRef = EAEC0BE31D4E330700C908A3 /* PetAPITests.swift */; };
		EAEC0BE61D4E379000C908A3 /* StoreAPITests.swift in Sources */ = {isa = PBXBuildFile; fileRef = EAEC0BE51D4E379000C908A3 /* StoreAPITests.swift */; };
		EAEC0BE81D4E38CB00C908A3 /* UserAPITests.swift in Sources */ = {isa = PBXBuildFile; fileRef = EAEC0BE71D4E38CB00C908A3 /* UserAPITests.swift */; };
/* End PBXBuildFile section */

/* Begin PBXContainerItemProxy section */
		EAEC0BD31D4E30CE00C908A3 /* PBXContainerItemProxy */ = {
			isa = PBXContainerItemProxy;
			containerPortal = EAEC0BB61D4E30CE00C908A3 /* Project object */;
			proxyType = 1;
			remoteGlobalIDString = EAEC0BBD1D4E30CE00C908A3;
			remoteInfo = SwaggerClient;
		};
/* End PBXContainerItemProxy section */

/* Begin PBXFileReference section */
		177A58DD5CF63F2989335DCC /* Pods_SwaggerClient.framework */ = {isa = PBXFileReference; explicitFileType = wrapper.framework; includeInIndex = 0; path = Pods_SwaggerClient.framework; sourceTree = BUILT_PRODUCTS_DIR; };
		2DEFA8828BD4E38FA5262F53 /* Pods-SwaggerClient.release.xcconfig */ = {isa = PBXFileReference; includeInIndex = 1; lastKnownFileType = text.xcconfig; name = "Pods-SwaggerClient.release.xcconfig"; path = "Pods/Target Support Files/Pods-SwaggerClient/Pods-SwaggerClient.release.xcconfig"; sourceTree = "<group>"; };
		4EF2021609D112A6F5AE0F55 /* Pods-SwaggerClientTests.debug.xcconfig */ = {isa = PBXFileReference; includeInIndex = 1; lastKnownFileType = text.xcconfig; name = "Pods-SwaggerClientTests.debug.xcconfig"; path = "Pods/Target Support Files/Pods-SwaggerClientTests/Pods-SwaggerClientTests.debug.xcconfig"; sourceTree = "<group>"; };
		6F96A0131101344CC5406CB3 /* Pods_SwaggerClientTests.framework */ = {isa = PBXFileReference; explicitFileType = wrapper.framework; includeInIndex = 0; path = Pods_SwaggerClientTests.framework; sourceTree = BUILT_PRODUCTS_DIR; };
		8D99518E8E05FD856A952698 /* Pods-SwaggerClient.debug.xcconfig */ = {isa = PBXFileReference; includeInIndex = 1; lastKnownFileType = text.xcconfig; name = "Pods-SwaggerClient.debug.xcconfig"; path = "Pods/Target Support Files/Pods-SwaggerClient/Pods-SwaggerClient.debug.xcconfig"; sourceTree = "<group>"; };
		EAEC0BBE1D4E30CE00C908A3 /* SwaggerClient.app */ = {isa = PBXFileReference; explicitFileType = wrapper.application; includeInIndex = 0; path = SwaggerClient.app; sourceTree = BUILT_PRODUCTS_DIR; };
		EAEC0BC11D4E30CE00C908A3 /* AppDelegate.swift */ = {isa = PBXFileReference; lastKnownFileType = sourcecode.swift; path = AppDelegate.swift; sourceTree = "<group>"; };
		EAEC0BC31D4E30CE00C908A3 /* ViewController.swift */ = {isa = PBXFileReference; lastKnownFileType = sourcecode.swift; path = ViewController.swift; sourceTree = "<group>"; };
		EAEC0BC61D4E30CE00C908A3 /* Base */ = {isa = PBXFileReference; lastKnownFileType = file.storyboard; name = Base; path = Base.lproj/Main.storyboard; sourceTree = "<group>"; };
		EAEC0BC81D4E30CE00C908A3 /* Assets.xcassets */ = {isa = PBXFileReference; lastKnownFileType = folder.assetcatalog; path = Assets.xcassets; sourceTree = "<group>"; };
		EAEC0BCB1D4E30CE00C908A3 /* Base */ = {isa = PBXFileReference; lastKnownFileType = file.storyboard; name = Base; path = Base.lproj/LaunchScreen.storyboard; sourceTree = "<group>"; };
		EAEC0BCD1D4E30CE00C908A3 /* Info.plist */ = {isa = PBXFileReference; lastKnownFileType = text.plist.xml; path = Info.plist; sourceTree = "<group>"; };
		EAEC0BD21D4E30CE00C908A3 /* SwaggerClientTests.xctest */ = {isa = PBXFileReference; explicitFileType = wrapper.cfbundle; includeInIndex = 0; path = SwaggerClientTests.xctest; sourceTree = BUILT_PRODUCTS_DIR; };
		EAEC0BD81D4E30CE00C908A3 /* Info.plist */ = {isa = PBXFileReference; lastKnownFileType = text.plist.xml; path = Info.plist; sourceTree = "<group>"; };
		EAEC0BE31D4E330700C908A3 /* PetAPITests.swift */ = {isa = PBXFileReference; fileEncoding = 4; lastKnownFileType = sourcecode.swift; path = PetAPITests.swift; sourceTree = "<group>"; };
		EAEC0BE51D4E379000C908A3 /* StoreAPITests.swift */ = {isa = PBXFileReference; fileEncoding = 4; lastKnownFileType = sourcecode.swift; path = StoreAPITests.swift; sourceTree = "<group>"; };
		EAEC0BE71D4E38CB00C908A3 /* UserAPITests.swift */ = {isa = PBXFileReference; fileEncoding = 4; lastKnownFileType = sourcecode.swift; path = UserAPITests.swift; sourceTree = "<group>"; };
		EFD8AB05F53C74985527D117 /* Pods-SwaggerClientTests.release.xcconfig */ = {isa = PBXFileReference; includeInIndex = 1; lastKnownFileType = text.xcconfig; name = "Pods-SwaggerClientTests.release.xcconfig"; path = "Pods/Target Support Files/Pods-SwaggerClientTests/Pods-SwaggerClientTests.release.xcconfig"; sourceTree = "<group>"; };
/* End PBXFileReference section */

/* Begin PBXFrameworksBuildPhase section */
		EAEC0BBB1D4E30CE00C908A3 /* Frameworks */ = {
			isa = PBXFrameworksBuildPhase;
			buildActionMask = 2147483647;
			files = (
				B024164FBFF71BF644D4419A /* Pods_SwaggerClient.framework in Frameworks */,
			);
			runOnlyForDeploymentPostprocessing = 0;
		};
		EAEC0BCF1D4E30CE00C908A3 /* Frameworks */ = {
			isa = PBXFrameworksBuildPhase;
			buildActionMask = 2147483647;
			files = (
				B1D0246C8960F47A60098F37 /* Pods_SwaggerClientTests.framework in Frameworks */,
			);
			runOnlyForDeploymentPostprocessing = 0;
		};
/* End PBXFrameworksBuildPhase section */

/* Begin PBXGroup section */
		55DC454FF5FFEF8A9CBC1CA3 /* Frameworks */ = {
			isa = PBXGroup;
			children = (
				177A58DD5CF63F2989335DCC /* Pods_SwaggerClient.framework */,
				6F96A0131101344CC5406CB3 /* Pods_SwaggerClientTests.framework */,
			);
			name = Frameworks;
			sourceTree = "<group>";
		};
		CB19142D951AB5DD885404A8 /* Pods */ = {
			isa = PBXGroup;
			children = (
				8D99518E8E05FD856A952698 /* Pods-SwaggerClient.debug.xcconfig */,
				2DEFA8828BD4E38FA5262F53 /* Pods-SwaggerClient.release.xcconfig */,
				4EF2021609D112A6F5AE0F55 /* Pods-SwaggerClientTests.debug.xcconfig */,
				EFD8AB05F53C74985527D117 /* Pods-SwaggerClientTests.release.xcconfig */,
			);
			name = Pods;
			sourceTree = "<group>";
		};
		EAEC0BB51D4E30CE00C908A3 = {
			isa = PBXGroup;
			children = (
				EAEC0BC01D4E30CE00C908A3 /* SwaggerClient */,
				EAEC0BD51D4E30CE00C908A3 /* SwaggerClientTests */,
				EAEC0BBF1D4E30CE00C908A3 /* Products */,
				CB19142D951AB5DD885404A8 /* Pods */,
				55DC454FF5FFEF8A9CBC1CA3 /* Frameworks */,
			);
			sourceTree = "<group>";
		};
		EAEC0BBF1D4E30CE00C908A3 /* Products */ = {
			isa = PBXGroup;
			children = (
				EAEC0BBE1D4E30CE00C908A3 /* SwaggerClient.app */,
				EAEC0BD21D4E30CE00C908A3 /* SwaggerClientTests.xctest */,
			);
			name = Products;
			sourceTree = "<group>";
		};
		EAEC0BC01D4E30CE00C908A3 /* SwaggerClient */ = {
			isa = PBXGroup;
			children = (
				EAEC0BC11D4E30CE00C908A3 /* AppDelegate.swift */,
				EAEC0BC31D4E30CE00C908A3 /* ViewController.swift */,
				EAEC0BC51D4E30CE00C908A3 /* Main.storyboard */,
				EAEC0BC81D4E30CE00C908A3 /* Assets.xcassets */,
				EAEC0BCA1D4E30CE00C908A3 /* LaunchScreen.storyboard */,
				EAEC0BCD1D4E30CE00C908A3 /* Info.plist */,
			);
			path = SwaggerClient;
			sourceTree = "<group>";
		};
		EAEC0BD51D4E30CE00C908A3 /* SwaggerClientTests */ = {
			isa = PBXGroup;
			children = (
				EAEC0BD81D4E30CE00C908A3 /* Info.plist */,
				EAEC0BE31D4E330700C908A3 /* PetAPITests.swift */,
				EAEC0BE51D4E379000C908A3 /* StoreAPITests.swift */,
				EAEC0BE71D4E38CB00C908A3 /* UserAPITests.swift */,
			);
			path = SwaggerClientTests;
			sourceTree = "<group>";
		};
/* End PBXGroup section */

/* Begin PBXNativeTarget section */
		EAEC0BBD1D4E30CE00C908A3 /* SwaggerClient */ = {
			isa = PBXNativeTarget;
			buildConfigurationList = EAEC0BDB1D4E30CE00C908A3 /* Build configuration list for PBXNativeTarget "SwaggerClient" */;
			buildPhases = (
				898E536ECC2C4811DDDF67C1 /* [CP] Check Pods Manifest.lock */,
				EAEC0BBA1D4E30CE00C908A3 /* Sources */,
				EAEC0BBB1D4E30CE00C908A3 /* Frameworks */,
				EAEC0BBC1D4E30CE00C908A3 /* Resources */,
				8A7961360961F06AADAF17C9 /* [CP] Embed Pods Frameworks */,
				E008DDC7FA2126F111F972F5 /* [CP] Copy Pods Resources */,
			);
			buildRules = (
			);
			dependencies = (
			);
			name = SwaggerClient;
			productName = SwaggerClient;
			productReference = EAEC0BBE1D4E30CE00C908A3 /* SwaggerClient.app */;
			productType = "com.apple.product-type.application";
		};
		EAEC0BD11D4E30CE00C908A3 /* SwaggerClientTests */ = {
			isa = PBXNativeTarget;
			buildConfigurationList = EAEC0BDE1D4E30CE00C908A3 /* Build configuration list for PBXNativeTarget "SwaggerClientTests" */;
			buildPhases = (
				82CB35D52E274C6177DAC0DD /* [CP] Check Pods Manifest.lock */,
				EAEC0BCE1D4E30CE00C908A3 /* Sources */,
				EAEC0BCF1D4E30CE00C908A3 /* Frameworks */,
				EAEC0BD01D4E30CE00C908A3 /* Resources */,
				3920D9C143B997879E5A5B9C /* [CP] Embed Pods Frameworks */,
				60E7B02FBDEB028CCE7CCCC5 /* [CP] Copy Pods Resources */,
			);
			buildRules = (
			);
			dependencies = (
				EAEC0BD41D4E30CE00C908A3 /* PBXTargetDependency */,
			);
			name = SwaggerClientTests;
			productName = SwaggerClientTests;
			productReference = EAEC0BD21D4E30CE00C908A3 /* SwaggerClientTests.xctest */;
			productType = "com.apple.product-type.bundle.unit-test";
		};
/* End PBXNativeTarget section */

/* Begin PBXProject section */
		EAEC0BB61D4E30CE00C908A3 /* Project object */ = {
			isa = PBXProject;
			attributes = {
				LastSwiftUpdateCheck = 0730;
				LastUpgradeCheck = 0800;
				ORGANIZATIONNAME = Swagger;
				TargetAttributes = {
					EAEC0BBD1D4E30CE00C908A3 = {
						CreatedOnToolsVersion = 7.3.1;
						LastSwiftMigration = 0800;
					};
					EAEC0BD11D4E30CE00C908A3 = {
						CreatedOnToolsVersion = 7.3.1;
						LastSwiftMigration = 0800;
						TestTargetID = EAEC0BBD1D4E30CE00C908A3;
					};
				};
			};
			buildConfigurationList = EAEC0BB91D4E30CE00C908A3 /* Build configuration list for PBXProject "SwaggerClient" */;
			compatibilityVersion = "Xcode 3.2";
			developmentRegion = English;
			hasScannedForEncodings = 0;
			knownRegions = (
				en,
				Base,
			);
			mainGroup = EAEC0BB51D4E30CE00C908A3;
			productRefGroup = EAEC0BBF1D4E30CE00C908A3 /* Products */;
			projectDirPath = "";
			projectRoot = "";
			targets = (
				EAEC0BBD1D4E30CE00C908A3 /* SwaggerClient */,
				EAEC0BD11D4E30CE00C908A3 /* SwaggerClientTests */,
			);
		};
/* End PBXProject section */

/* Begin PBXResourcesBuildPhase section */
		EAEC0BBC1D4E30CE00C908A3 /* Resources */ = {
			isa = PBXResourcesBuildPhase;
			buildActionMask = 2147483647;
			files = (
				EAEC0BCC1D4E30CE00C908A3 /* LaunchScreen.storyboard in Resources */,
				EAEC0BC91D4E30CE00C908A3 /* Assets.xcassets in Resources */,
				EAEC0BC71D4E30CE00C908A3 /* Main.storyboard in Resources */,
			);
			runOnlyForDeploymentPostprocessing = 0;
		};
		EAEC0BD01D4E30CE00C908A3 /* Resources */ = {
			isa = PBXResourcesBuildPhase;
			buildActionMask = 2147483647;
			files = (
			);
			runOnlyForDeploymentPostprocessing = 0;
		};
/* End PBXResourcesBuildPhase section */

/* Begin PBXShellScriptBuildPhase section */
		3920D9C143B997879E5A5B9C /* [CP] Embed Pods Frameworks */ = {
			isa = PBXShellScriptBuildPhase;
			buildActionMask = 2147483647;
			files = (
			);
			inputPaths = (
			);
			name = "[CP] Embed Pods Frameworks";
			outputPaths = (
			);
			runOnlyForDeploymentPostprocessing = 0;
			shellPath = /bin/sh;
			shellScript = "\"${SRCROOT}/Pods/Target Support Files/Pods-SwaggerClientTests/Pods-SwaggerClientTests-frameworks.sh\"\n";
			showEnvVarsInLog = 0;
		};
		60E7B02FBDEB028CCE7CCCC5 /* [CP] Copy Pods Resources */ = {
			isa = PBXShellScriptBuildPhase;
			buildActionMask = 2147483647;
			files = (
			);
			inputPaths = (
			);
			name = "[CP] Copy Pods Resources";
			outputPaths = (
			);
			runOnlyForDeploymentPostprocessing = 0;
			shellPath = /bin/sh;
			shellScript = "\"${SRCROOT}/Pods/Target Support Files/Pods-SwaggerClientTests/Pods-SwaggerClientTests-resources.sh\"\n";
			showEnvVarsInLog = 0;
		};
		82CB35D52E274C6177DAC0DD /* [CP] Check Pods Manifest.lock */ = {
			isa = PBXShellScriptBuildPhase;
			buildActionMask = 2147483647;
			files = (
			);
			inputPaths = (
				"${PODS_PODFILE_DIR_PATH}/Podfile.lock",
				"${PODS_ROOT}/Manifest.lock",
			);
			name = "[CP] Check Pods Manifest.lock";
			outputPaths = (
				"$(DERIVED_FILE_DIR)/Pods-SwaggerClientTests-checkManifestLockResult.txt",
			);
			runOnlyForDeploymentPostprocessing = 0;
			shellPath = /bin/sh;
			shellScript = "diff \"${PODS_PODFILE_DIR_PATH}/Podfile.lock\" \"${PODS_ROOT}/Manifest.lock\" > /dev/null\nif [ $? != 0 ] ; then\n    # print error to STDERR\n    echo \"error: The sandbox is not in sync with the Podfile.lock. Run 'pod install' or update your CocoaPods installation.\" >&2\n    exit 1\nfi\n# This output is used by Xcode 'outputs' to avoid re-running this script phase.\necho \"SUCCESS\" > \"${SCRIPT_OUTPUT_FILE_0}\"\n";
			showEnvVarsInLog = 0;
		};
		898E536ECC2C4811DDDF67C1 /* [CP] Check Pods Manifest.lock */ = {
			isa = PBXShellScriptBuildPhase;
			buildActionMask = 2147483647;
			files = (
			);
			inputPaths = (
				"${PODS_PODFILE_DIR_PATH}/Podfile.lock",
				"${PODS_ROOT}/Manifest.lock",
			);
			name = "[CP] Check Pods Manifest.lock";
			outputPaths = (
				"$(DERIVED_FILE_DIR)/Pods-SwaggerClient-checkManifestLockResult.txt",
			);
			runOnlyForDeploymentPostprocessing = 0;
			shellPath = /bin/sh;
			shellScript = "diff \"${PODS_PODFILE_DIR_PATH}/Podfile.lock\" \"${PODS_ROOT}/Manifest.lock\" > /dev/null\nif [ $? != 0 ] ; then\n    # print error to STDERR\n    echo \"error: The sandbox is not in sync with the Podfile.lock. Run 'pod install' or update your CocoaPods installation.\" >&2\n    exit 1\nfi\n# This output is used by Xcode 'outputs' to avoid re-running this script phase.\necho \"SUCCESS\" > \"${SCRIPT_OUTPUT_FILE_0}\"\n";
			showEnvVarsInLog = 0;
		};
		8A7961360961F06AADAF17C9 /* [CP] Embed Pods Frameworks */ = {
			isa = PBXShellScriptBuildPhase;
			buildActionMask = 2147483647;
			files = (
			);
			inputPaths = (
				"${SRCROOT}/Pods/Target Support Files/Pods-SwaggerClient/Pods-SwaggerClient-frameworks.sh",
				"${BUILT_PRODUCTS_DIR}/Alamofire/Alamofire.framework",
				"${BUILT_PRODUCTS_DIR}/PetstoreClient/PetstoreClient.framework",
				"${BUILT_PRODUCTS_DIR}/RxSwift/RxSwift.framework",
			);
			name = "[CP] Embed Pods Frameworks";
			outputPaths = (
				"${TARGET_BUILD_DIR}/${FRAMEWORKS_FOLDER_PATH}/Alamofire.framework",
				"${TARGET_BUILD_DIR}/${FRAMEWORKS_FOLDER_PATH}/PetstoreClient.framework",
				"${TARGET_BUILD_DIR}/${FRAMEWORKS_FOLDER_PATH}/RxSwift.framework",
			);
			runOnlyForDeploymentPostprocessing = 0;
			shellPath = /bin/sh;
			shellScript = "\"${SRCROOT}/Pods/Target Support Files/Pods-SwaggerClient/Pods-SwaggerClient-frameworks.sh\"\n";
			showEnvVarsInLog = 0;
		};
		E008DDC7FA2126F111F972F5 /* [CP] Copy Pods Resources */ = {
			isa = PBXShellScriptBuildPhase;
			buildActionMask = 2147483647;
			files = (
			);
			inputPaths = (
			);
			name = "[CP] Copy Pods Resources";
			outputPaths = (
			);
			runOnlyForDeploymentPostprocessing = 0;
			shellPath = /bin/sh;
			shellScript = "\"${SRCROOT}/Pods/Target Support Files/Pods-SwaggerClient/Pods-SwaggerClient-resources.sh\"\n";
			showEnvVarsInLog = 0;
		};
/* End PBXShellScriptBuildPhase section */

/* Begin PBXSourcesBuildPhase section */
		EAEC0BBA1D4E30CE00C908A3 /* Sources */ = {
			isa = PBXSourcesBuildPhase;
			buildActionMask = 2147483647;
			files = (
				EAEC0BC41D4E30CE00C908A3 /* ViewController.swift in Sources */,
				EAEC0BC21D4E30CE00C908A3 /* AppDelegate.swift in Sources */,
			);
			runOnlyForDeploymentPostprocessing = 0;
		};
		EAEC0BCE1D4E30CE00C908A3 /* Sources */ = {
			isa = PBXSourcesBuildPhase;
			buildActionMask = 2147483647;
			files = (
				EAEC0BE81D4E38CB00C908A3 /* UserAPITests.swift in Sources */,
				EAEC0BE61D4E379000C908A3 /* StoreAPITests.swift in Sources */,
				EAEC0BE41D4E330700C908A3 /* PetAPITests.swift in Sources */,
			);
			runOnlyForDeploymentPostprocessing = 0;
		};
/* End PBXSourcesBuildPhase section */

/* Begin PBXTargetDependency section */
		EAEC0BD41D4E30CE00C908A3 /* PBXTargetDependency */ = {
			isa = PBXTargetDependency;
			target = EAEC0BBD1D4E30CE00C908A3 /* SwaggerClient */;
			targetProxy = EAEC0BD31D4E30CE00C908A3 /* PBXContainerItemProxy */;
		};
/* End PBXTargetDependency section */

/* Begin PBXVariantGroup section */
		EAEC0BC51D4E30CE00C908A3 /* Main.storyboard */ = {
			isa = PBXVariantGroup;
			children = (
				EAEC0BC61D4E30CE00C908A3 /* Base */,
			);
			name = Main.storyboard;
			sourceTree = "<group>";
		};
		EAEC0BCA1D4E30CE00C908A3 /* LaunchScreen.storyboard */ = {
			isa = PBXVariantGroup;
			children = (
				EAEC0BCB1D4E30CE00C908A3 /* Base */,
			);
			name = LaunchScreen.storyboard;
			sourceTree = "<group>";
		};
/* End PBXVariantGroup section */

/* Begin XCBuildConfiguration section */
		EAEC0BD91D4E30CE00C908A3 /* Debug */ = {
			isa = XCBuildConfiguration;
			buildSettings = {
				ALWAYS_SEARCH_USER_PATHS = NO;
				CLANG_ANALYZER_NONNULL = YES;
				CLANG_CXX_LANGUAGE_STANDARD = "gnu++0x";
				CLANG_CXX_LIBRARY = "libc++";
				CLANG_ENABLE_MODULES = YES;
				CLANG_ENABLE_OBJC_ARC = YES;
				CLANG_WARN_BOOL_CONVERSION = YES;
				CLANG_WARN_CONSTANT_CONVERSION = YES;
				CLANG_WARN_DIRECT_OBJC_ISA_USAGE = YES_ERROR;
				CLANG_WARN_EMPTY_BODY = YES;
				CLANG_WARN_ENUM_CONVERSION = YES;
				CLANG_WARN_INFINITE_RECURSION = YES;
				CLANG_WARN_INT_CONVERSION = YES;
				CLANG_WARN_OBJC_ROOT_CLASS = YES_ERROR;
				CLANG_WARN_SUSPICIOUS_MOVE = YES;
				CLANG_WARN_UNREACHABLE_CODE = YES;
				CLANG_WARN__DUPLICATE_METHOD_MATCH = YES;
				"CODE_SIGN_IDENTITY[sdk=iphoneos*]" = "iPhone Developer";
				COPY_PHASE_STRIP = NO;
				DEBUG_INFORMATION_FORMAT = dwarf;
				ENABLE_STRICT_OBJC_MSGSEND = YES;
				ENABLE_TESTABILITY = YES;
				GCC_C_LANGUAGE_STANDARD = gnu99;
				GCC_DYNAMIC_NO_PIC = NO;
				GCC_NO_COMMON_BLOCKS = YES;
				GCC_OPTIMIZATION_LEVEL = 0;
				GCC_PREPROCESSOR_DEFINITIONS = (
					"DEBUG=1",
					"$(inherited)",
				);
				GCC_WARN_64_TO_32_BIT_CONVERSION = YES;
				GCC_WARN_ABOUT_RETURN_TYPE = YES_ERROR;
				GCC_WARN_UNDECLARED_SELECTOR = YES;
				GCC_WARN_UNINITIALIZED_AUTOS = YES_AGGRESSIVE;
				GCC_WARN_UNUSED_FUNCTION = YES;
				GCC_WARN_UNUSED_VARIABLE = YES;
				IPHONEOS_DEPLOYMENT_TARGET = 9.3;
				MTL_ENABLE_DEBUG_INFO = YES;
				ONLY_ACTIVE_ARCH = YES;
				SDKROOT = iphoneos;
				SWIFT_OPTIMIZATION_LEVEL = "-Onone";
			};
			name = Debug;
		};
		EAEC0BDA1D4E30CE00C908A3 /* Release */ = {
			isa = XCBuildConfiguration;
			buildSettings = {
				ALWAYS_SEARCH_USER_PATHS = NO;
				CLANG_ANALYZER_NONNULL = YES;
				CLANG_CXX_LANGUAGE_STANDARD = "gnu++0x";
				CLANG_CXX_LIBRARY = "libc++";
				CLANG_ENABLE_MODULES = YES;
				CLANG_ENABLE_OBJC_ARC = YES;
				CLANG_WARN_BOOL_CONVERSION = YES;
				CLANG_WARN_CONSTANT_CONVERSION = YES;
				CLANG_WARN_DIRECT_OBJC_ISA_USAGE = YES_ERROR;
				CLANG_WARN_EMPTY_BODY = YES;
				CLANG_WARN_ENUM_CONVERSION = YES;
				CLANG_WARN_INFINITE_RECURSION = YES;
				CLANG_WARN_INT_CONVERSION = YES;
				CLANG_WARN_OBJC_ROOT_CLASS = YES_ERROR;
				CLANG_WARN_SUSPICIOUS_MOVE = YES;
				CLANG_WARN_UNREACHABLE_CODE = YES;
				CLANG_WARN__DUPLICATE_METHOD_MATCH = YES;
				"CODE_SIGN_IDENTITY[sdk=iphoneos*]" = "iPhone Developer";
				COPY_PHASE_STRIP = NO;
				DEBUG_INFORMATION_FORMAT = "dwarf-with-dsym";
				ENABLE_NS_ASSERTIONS = NO;
				ENABLE_STRICT_OBJC_MSGSEND = YES;
				GCC_C_LANGUAGE_STANDARD = gnu99;
				GCC_NO_COMMON_BLOCKS = YES;
				GCC_WARN_64_TO_32_BIT_CONVERSION = YES;
				GCC_WARN_ABOUT_RETURN_TYPE = YES_ERROR;
				GCC_WARN_UNDECLARED_SELECTOR = YES;
				GCC_WARN_UNINITIALIZED_AUTOS = YES_AGGRESSIVE;
				GCC_WARN_UNUSED_FUNCTION = YES;
				GCC_WARN_UNUSED_VARIABLE = YES;
				IPHONEOS_DEPLOYMENT_TARGET = 9.3;
				MTL_ENABLE_DEBUG_INFO = NO;
				SDKROOT = iphoneos;
				SWIFT_OPTIMIZATION_LEVEL = "-Owholemodule";
				VALIDATE_PRODUCT = YES;
			};
			name = Release;
		};
		EAEC0BDC1D4E30CE00C908A3 /* Debug */ = {
			isa = XCBuildConfiguration;
			baseConfigurationReference = 8D99518E8E05FD856A952698 /* Pods-SwaggerClient.debug.xcconfig */;
			buildSettings = {
				ALWAYS_EMBED_SWIFT_STANDARD_LIBRARIES = YES;
				ASSETCATALOG_COMPILER_APPICON_NAME = AppIcon;
				INFOPLIST_FILE = SwaggerClient/Info.plist;
				LD_RUNPATH_SEARCH_PATHS = "$(inherited) @executable_path/Frameworks";
				PRODUCT_BUNDLE_IDENTIFIER = com.swagger.SwaggerClient;
				PRODUCT_NAME = "$(TARGET_NAME)";
				SWIFT_VERSION = 3.0;
				TARGETED_DEVICE_FAMILY = "1,2";
			};
			name = Debug;
		};
		EAEC0BDD1D4E30CE00C908A3 /* Release */ = {
			isa = XCBuildConfiguration;
			baseConfigurationReference = 2DEFA8828BD4E38FA5262F53 /* Pods-SwaggerClient.release.xcconfig */;
			buildSettings = {
				ALWAYS_EMBED_SWIFT_STANDARD_LIBRARIES = YES;
				ASSETCATALOG_COMPILER_APPICON_NAME = AppIcon;
				INFOPLIST_FILE = SwaggerClient/Info.plist;
				LD_RUNPATH_SEARCH_PATHS = "$(inherited) @executable_path/Frameworks";
				PRODUCT_BUNDLE_IDENTIFIER = com.swagger.SwaggerClient;
				PRODUCT_NAME = "$(TARGET_NAME)";
				SWIFT_VERSION = 3.0;
				TARGETED_DEVICE_FAMILY = "1,2";
			};
			name = Release;
		};
		EAEC0BDF1D4E30CE00C908A3 /* Debug */ = {
			isa = XCBuildConfiguration;
			baseConfigurationReference = 4EF2021609D112A6F5AE0F55 /* Pods-SwaggerClientTests.debug.xcconfig */;
			buildSettings = {
				BUNDLE_LOADER = "$(TEST_HOST)";
				CLANG_ENABLE_MODULES = YES;
				INFOPLIST_FILE = SwaggerClientTests/Info.plist;
				LD_RUNPATH_SEARCH_PATHS = "$(inherited) @executable_path/Frameworks @loader_path/Frameworks";
				PRODUCT_BUNDLE_IDENTIFIER = com.swagger.SwaggerClientTests;
				PRODUCT_NAME = "$(TARGET_NAME)";
				SWIFT_OPTIMIZATION_LEVEL = "-Onone";
				SWIFT_VERSION = 3.0;
				TEST_HOST = "$(BUILT_PRODUCTS_DIR)/SwaggerClient.app/SwaggerClient";
			};
			name = Debug;
		};
		EAEC0BE01D4E30CE00C908A3 /* Release */ = {
			isa = XCBuildConfiguration;
			baseConfigurationReference = EFD8AB05F53C74985527D117 /* Pods-SwaggerClientTests.release.xcconfig */;
			buildSettings = {
				BUNDLE_LOADER = "$(TEST_HOST)";
				CLANG_ENABLE_MODULES = YES;
				INFOPLIST_FILE = SwaggerClientTests/Info.plist;
				LD_RUNPATH_SEARCH_PATHS = "$(inherited) @executable_path/Frameworks @loader_path/Frameworks";
				PRODUCT_BUNDLE_IDENTIFIER = com.swagger.SwaggerClientTests;
				PRODUCT_NAME = "$(TARGET_NAME)";
				SWIFT_VERSION = 3.0;
				TEST_HOST = "$(BUILT_PRODUCTS_DIR)/SwaggerClient.app/SwaggerClient";
			};
			name = Release;
		};
/* End XCBuildConfiguration section */

/* Begin XCConfigurationList section */
		EAEC0BB91D4E30CE00C908A3 /* Build configuration list for PBXProject "SwaggerClient" */ = {
			isa = XCConfigurationList;
			buildConfigurations = (
				EAEC0BD91D4E30CE00C908A3 /* Debug */,
				EAEC0BDA1D4E30CE00C908A3 /* Release */,
			);
			defaultConfigurationIsVisible = 0;
			defaultConfigurationName = Release;
		};
		EAEC0BDB1D4E30CE00C908A3 /* Build configuration list for PBXNativeTarget "SwaggerClient" */ = {
			isa = XCConfigurationList;
			buildConfigurations = (
				EAEC0BDC1D4E30CE00C908A3 /* Debug */,
				EAEC0BDD1D4E30CE00C908A3 /* Release */,
			);
			defaultConfigurationIsVisible = 0;
			defaultConfigurationName = Release;
		};
		EAEC0BDE1D4E30CE00C908A3 /* Build configuration list for PBXNativeTarget "SwaggerClientTests" */ = {
			isa = XCConfigurationList;
			buildConfigurations = (
				EAEC0BDF1D4E30CE00C908A3 /* Debug */,
				EAEC0BE01D4E30CE00C908A3 /* Release */,
			);
			defaultConfigurationIsVisible = 0;
			defaultConfigurationName = Release;
		};
/* End XCConfigurationList section */
	};
	rootObject = EAEC0BB61D4E30CE00C908A3 /* Project object */;
}
